
Microsoft Visual Studio Solution File, Format Version 12.00
# Visual Studio 2013
VisualStudioVersion = 12.0.30723.0
MinimumVisualStudioVersion = 10.0.40219.1
Project("{FAE04EC0-301F-11D3-BF4B-00C04F79EFBC}") = "TagDistributor", "TagDistributor\TagDistributor.csproj", "{A1DA1050-7778-4DCF-9F60-E6F3061F93EE}"
EndProject
Project("{FAE04EC0-301F-11D3-BF4B-00C04F79EFBC}") = "TagDistributor.Tests", "TagDistributor.Tests\TagDistributor.Tests.csproj", "{CD3B62B4-297A-4EF2-991C-AD0CD665D81B}"
EndProject
Global
	GlobalSection(SolutionConfigurationPlatforms) = preSolution
		Debug|Any CPU = Debug|Any CPU
		Release|Any CPU = Release|Any CPU
	EndGlobalSection
	GlobalSection(ProjectConfigurationPlatforms) = postSolution
		{A1DA1050-7778-4DCF-9F60-E6F3061F93EE}.Debug|Any CPU.ActiveCfg = Debug|Any CPU
		{A1DA1050-7778-4DCF-9F60-E6F3061F93EE}.Debug|Any CPU.Build.0 = Debug|Any CPU
		{A1DA1050-7778-4DCF-9F60-E6F3061F93EE}.Release|Any CPU.ActiveCfg = Release|Any CPU
		{A1DA1050-7778-4DCF-9F60-E6F3061F93EE}.Release|Any CPU.Build.0 = Release|Any CPU
		{CD3B62B4-297A-4EF2-991C-AD0CD665D81B}.Debug|Any CPU.ActiveCfg = Debug|Any CPU
		{CD3B62B4-297A-4EF2-991C-AD0CD665D81B}.Debug|Any CPU.Build.0 = Debug|Any CPU
		{CD3B62B4-297A-4EF2-991C-AD0CD665D81B}.Release|Any CPU.ActiveCfg = Release|Any CPU
		{CD3B62B4-297A-4EF2-991C-AD0CD665D81B}.Release|Any CPU.Build.0 = Release|Any CPU
	EndGlobalSection
	GlobalSection(SolutionProperties) = preSolution
		HideSolutionNode = FALSE
	EndGlobalSection
EndGlobal
